
Microsoft Visual Studio Solution File, Format Version 12.00
# Visual Studio Version 17
VisualStudioVersion = 17.9.34723.18
MinimumVisualStudioVersion = 10.0.40219.1
Project("{FAE04EC0-301F-11D3-BF4B-00C04F79EFBC}") = "Speaker.Natia.Jandagovna", "Speaker.Natia.Jandagovna\Speaker.Natia.Jandagovna.csproj", "{6071AAFE-0ECF-4BF5-8EB3-64880EDAE2BB}"
EndProject
Project("{FAE04EC0-301F-11D3-BF4B-00C04F79EFBC}") = "Jandagashvili.speake.DLL", "Jandagashvili.speake.DLL\Jandagashvili.speake.DLL.csproj", "{0AAA46C9-203B-48B3-B352-DBD04317384D}"
EndProject
Project("{FAE04EC0-301F-11D3-BF4B-00C04F79EFBC}") = "Jandagashvili.speake.bll", "Jandagashvili.speake.bll\Jandagashvili.speake.bll.csproj", "{D64E8D26-657C-4399-BC52-B679358887C3}"
EndProject
Project("{FAE04EC0-301F-11D3-BF4B-00C04F79EFBC}") = "Natia_Jandagishvili_Http", "Natia_Jandagishvili_Http\Natia_Jandagishvili_Http.csproj", "{8680D3BA-47FC-4CFB-B7D3-8E076D76DF57}"
EndProject
Global
	GlobalSection(SolutionConfigurationPlatforms) = preSolution
		Debug|Any CPU = Debug|Any CPU
		Release|Any CPU = Release|Any CPU
	EndGlobalSection
	GlobalSection(ProjectConfigurationPlatforms) = postSolution
		{6071AAFE-0ECF-4BF5-8EB3-64880EDAE2BB}.Debug|Any CPU.ActiveCfg = Debug|Any CPU
		{6071AAFE-0ECF-4BF5-8EB3-64880EDAE2BB}.Debug|Any CPU.Build.0 = Debug|Any CPU
		{6071AAFE-0ECF-4BF5-8EB3-64880EDAE2BB}.Release|Any CPU.ActiveCfg = Release|Any CPU
		{6071AAFE-0ECF-4BF5-8EB3-64880EDAE2BB}.Release|Any CPU.Build.0 = Release|Any CPU
		{0AAA46C9-203B-48B3-B352-DBD04317384D}.Debug|Any CPU.ActiveCfg = Debug|Any CPU
		{0AAA46C9-203B-48B3-B352-DBD04317384D}.Debug|Any CPU.Build.0 = Debug|Any CPU
		{0AAA46C9-203B-48B3-B352-DBD04317384D}.Release|Any CPU.ActiveCfg = Release|Any CPU
		{0AAA46C9-203B-48B3-B352-DBD04317384D}.Release|Any CPU.Build.0 = Release|Any CPU
		{D64E8D26-657C-4399-BC52-B679358887C3}.Debug|Any CPU.ActiveCfg = Debug|Any CPU
		{D64E8D26-657C-4399-BC52-B679358887C3}.Debug|Any CPU.Build.0 = Debug|Any CPU
		{D64E8D26-657C-4399-BC52-B679358887C3}.Release|Any CPU.ActiveCfg = Release|Any CPU
		{D64E8D26-657C-4399-BC52-B679358887C3}.Release|Any CPU.Build.0 = Release|Any CPU
		{8680D3BA-47FC-4CFB-B7D3-8E076D76DF57}.Debug|Any CPU.ActiveCfg = Debug|Any CPU
		{8680D3BA-47FC-4CFB-B7D3-8E076D76DF57}.Debug|Any CPU.Build.0 = Debug|Any CPU
		{8680D3BA-47FC-4CFB-B7D3-8E076D76DF57}.Release|Any CPU.ActiveCfg = Release|Any CPU
		{8680D3BA-47FC-4CFB-B7D3-8E076D76DF57}.Release|Any CPU.Build.0 = Release|Any CPU
	EndGlobalSection
	GlobalSection(SolutionProperties) = preSolution
		HideSolutionNode = FALSE
	EndGlobalSection
	GlobalSection(ExtensibilityGlobals) = postSolution
		SolutionGuid = {87379767-D8CC-4913-8E45-402975F8A178}
	EndGlobalSection
EndGlobal
